# This file is automatically @generated by Poetry 1.8.3 and should not be changed by hand.

[[package]]
name = "osbot-utils"
version = "1.86.0"
description = "OWASP Security Bot - Utils"
optional = false
python-versions = "<4.0,>=3.7"
files = [
    {file = "osbot_utils-1.86.0-py3-none-any.whl", hash = "sha256:2fa764468ca321d8abf9c14a45688a7f8f5458c91abe8d5cb0e7662c34b28d4b"},
    {file = "osbot_utils-1.86.0.tar.gz", hash = "sha256:a407e1b95201bbd8b177251b128c98d135c7bd02dce97934968a8f4113d58bf2"},
]

[metadata]
lock-version = "2.0"
python-versions = "^3.7"
content-hash = "2891855b349ce46aa224a5083fd3b1e0fe1b95e4038866b3ad68757b1cd32b09"
